
Microsoft Visual Studio Solution File, Format Version 12.00
# Visual Studio Version 17
VisualStudioVersion = 17.11.35327.3
MinimumVisualStudioVersion = 10.0.40219.1
Project("{FAE04EC0-301F-11D3-BF4B-00C04F79EFBC}") = "LojasABC", "LojasABC\LojasABC.csproj", "{CA6CBBAF-FC39-4CAA-B5B3-9EA3F77641FA}"
EndProject
Project("{FAE04EC0-301F-11D3-BF4B-00C04F79EFBC}") = "Componentes", "Componentes\Componentes.csproj", "{79F086CF-EC6B-47AB-9D26-A36137B17E11}"
EndProject
Project("{FAE04EC0-301F-11D3-BF4B-00C04F79EFBC}") = "Calculadora", "Calculadora\Calculadora.csproj", "{3AC8F592-C7BE-407A-B74C-AC33427F1B3E}"
EndProject
Global
	GlobalSection(SolutionConfigurationPlatforms) = preSolution
		Debug|Any CPU = Debug|Any CPU
		Release|Any CPU = Release|Any CPU
	EndGlobalSection
	GlobalSection(ProjectConfigurationPlatforms) = postSolution
		{CA6CBBAF-FC39-4CAA-B5B3-9EA3F77641FA}.Debug|Any CPU.ActiveCfg = Debug|Any CPU
		{CA6CBBAF-FC39-4CAA-B5B3-9EA3F77641FA}.Debug|Any CPU.Build.0 = Debug|Any CPU
		{CA6CBBAF-FC39-4CAA-B5B3-9EA3F77641FA}.Release|Any CPU.ActiveCfg = Release|Any CPU
		{CA6CBBAF-FC39-4CAA-B5B3-9EA3F77641FA}.Release|Any CPU.Build.0 = Release|Any CPU
		{79F086CF-EC6B-47AB-9D26-A36137B17E11}.Debug|Any CPU.ActiveCfg = Debug|Any CPU
		{79F086CF-EC6B-47AB-9D26-A36137B17E11}.Debug|Any CPU.Build.0 = Debug|Any CPU
		{79F086CF-EC6B-47AB-9D26-A36137B17E11}.Release|Any CPU.ActiveCfg = Release|Any CPU
		{79F086CF-EC6B-47AB-9D26-A36137B17E11}.Release|Any CPU.Build.0 = Release|Any CPU
		{3AC8F592-C7BE-407A-B74C-AC33427F1B3E}.Debug|Any CPU.ActiveCfg = Debug|Any CPU
		{3AC8F592-C7BE-407A-B74C-AC33427F1B3E}.Debug|Any CPU.Build.0 = Debug|Any CPU
		{3AC8F592-C7BE-407A-B74C-AC33427F1B3E}.Release|Any CPU.ActiveCfg = Release|Any CPU
		{3AC8F592-C7BE-407A-B74C-AC33427F1B3E}.Release|Any CPU.Build.0 = Release|Any CPU
	EndGlobalSection
	GlobalSection(SolutionProperties) = preSolution
		HideSolutionNode = FALSE
	EndGlobalSection
	GlobalSection(ExtensibilityGlobals) = postSolution
		SolutionGuid = {4C1BB573-873C-4FE5-9810-2B9FCFB27C40}
	EndGlobalSection
EndGlobal
